
Microsoft Visual Studio Solution File, Format Version 12.00
# Visual Studio 15
VisualStudioVersion = 15.0.26730.16
MinimumVisualStudioVersion = 10.0.40219.1
Project("{9A19103F-16F7-4668-BE54-9A1E7A4F7556}") = "HDEWebApiAWS", "HDEWebApiAWS\HDEWebApiAWS.csproj", "{3FADC298-7B41-40A8-A338-0BF8D21C3ADF}"
EndProject
Global
	GlobalSection(SolutionConfigurationPlatforms) = preSolution
		Debug|Any CPU = Debug|Any CPU
		Release|Any CPU = Release|Any CPU
	EndGlobalSection
	GlobalSection(ProjectConfigurationPlatforms) = postSolution
		{3FADC298-7B41-40A8-A338-0BF8D21C3ADF}.Debug|Any CPU.ActiveCfg = Debug|Any CPU
		{3FADC298-7B41-40A8-A338-0BF8D21C3ADF}.Debug|Any CPU.Build.0 = Debug|Any CPU
		{3FADC298-7B41-40A8-A338-0BF8D21C3ADF}.Release|Any CPU.ActiveCfg = Release|Any CPU
		{3FADC298-7B41-40A8-A338-0BF8D21C3ADF}.Release|Any CPU.Build.0 = Release|Any CPU
	EndGlobalSection
	GlobalSection(SolutionProperties) = preSolution
		HideSolutionNode = FALSE
	EndGlobalSection
	GlobalSection(ExtensibilityGlobals) = postSolution
		SolutionGuid = {1D6F158D-027E-4500-AD87-A83591CCC84A}
	EndGlobalSection
EndGlobal
